
Microsoft Visual Studio Solution File, Format Version 12.00
# Visual Studio 14
VisualStudioVersion = 14.0.25420.1
MinimumVisualStudioVersion = 10.0.40219.1
Project("{FAE04EC0-301F-11D3-BF4B-00C04F79EFBC}") = "Alameers", "Alameers\Alameers.csproj", "{1110B77A-E4B3-4C91-A4AB-D8D5057B44EA}"
EndProject
Project("{FAE04EC0-301F-11D3-BF4B-00C04F79EFBC}") = "Alameers.Tests", "Alameers.Tests\Alameers.Tests.csproj", "{94D08390-6A4B-4405-B33F-4BBD7978B200}"
EndProject
Global
	GlobalSection(SolutionConfigurationPlatforms) = preSolution
		Debug|Any CPU = Debug|Any CPU
		Release|Any CPU = Release|Any CPU
	EndGlobalSection
	GlobalSection(ProjectConfigurationPlatforms) = postSolution
		{1110B77A-E4B3-4C91-A4AB-D8D5057B44EA}.Debug|Any CPU.ActiveCfg = Debug|Any CPU
		{1110B77A-E4B3-4C91-A4AB-D8D5057B44EA}.Debug|Any CPU.Build.0 = Debug|Any CPU
		{1110B77A-E4B3-4C91-A4AB-D8D5057B44EA}.Release|Any CPU.ActiveCfg = Release|Any CPU
		{1110B77A-E4B3-4C91-A4AB-D8D5057B44EA}.Release|Any CPU.Build.0 = Release|Any CPU
		{94D08390-6A4B-4405-B33F-4BBD7978B200}.Debug|Any CPU.ActiveCfg = Debug|Any CPU
		{94D08390-6A4B-4405-B33F-4BBD7978B200}.Debug|Any CPU.Build.0 = Debug|Any CPU
		{94D08390-6A4B-4405-B33F-4BBD7978B200}.Release|Any CPU.ActiveCfg = Release|Any CPU
		{94D08390-6A4B-4405-B33F-4BBD7978B200}.Release|Any CPU.Build.0 = Release|Any CPU
	EndGlobalSection
	GlobalSection(SolutionProperties) = preSolution
		HideSolutionNode = FALSE
	EndGlobalSection
EndGlobal
